
Microsoft Visual Studio Solution File, Format Version 12.00
# Visual Studio Version 16
VisualStudioVersion = 16.0.29123.88
MinimumVisualStudioVersion = 10.0.40219.1
Project("{FAE04EC0-301F-11D3-BF4B-00C04F79EFBC}") = "MyUtilites", "..\..\..\Users\User\source\repos\MyUtilites\MyUtilites\MyUtilites.csproj", "{C67D7A8F-E458-4050-A48D-D2EA6D265350}"
EndProject
Global
	GlobalSection(SolutionConfigurationPlatforms) = preSolution
		Debug|Any CPU = Debug|Any CPU
		Release|Any CPU = Release|Any CPU
	EndGlobalSection
	GlobalSection(ProjectConfigurationPlatforms) = postSolution
		{C67D7A8F-E458-4050-A48D-D2EA6D265350}.Debug|Any CPU.ActiveCfg = Debug|Any CPU
		{C67D7A8F-E458-4050-A48D-D2EA6D265350}.Debug|Any CPU.Build.0 = Debug|Any CPU
		{C67D7A8F-E458-4050-A48D-D2EA6D265350}.Release|Any CPU.ActiveCfg = Release|Any CPU
		{C67D7A8F-E458-4050-A48D-D2EA6D265350}.Release|Any CPU.Build.0 = Release|Any CPU
	EndGlobalSection
	GlobalSection(SolutionProperties) = preSolution
		HideSolutionNode = FALSE
	EndGlobalSection
	GlobalSection(ExtensibilityGlobals) = postSolution
		SolutionGuid = {4E28E915-B0C1-4A99-BFA6-90CA798DAB38}
	EndGlobalSection
EndGlobal
